
Microsoft Visual Studio Solution File, Format Version 12.00
# Visual Studio Version 17
VisualStudioVersion = 17.12.35707.178 d17.12
MinimumVisualStudioVersion = 10.0.40219.1
Project("{FAE04EC0-301F-11D3-BF4B-00C04F79EFBC}") = "Wasted_Food.Api", "Wasted_Food.Api\Wasted_Food.Api.csproj", "{5CB92F7D-9E72-4963-A773-B62672A678B6}"
EndProject
Project("{FAE04EC0-301F-11D3-BF4B-00C04F79EFBC}") = "Wasted_Food.Data", "Wasted_Food.Data\Wasted_Food.Data.csproj", "{BBAC5D4E-6F3A-4582-82BA-C92201E81E30}"
EndProject
Project("{FAE04EC0-301F-11D3-BF4B-00C04F79EFBC}") = "Wasted_Food.Core", "Wasted_Food.Core\Wasted_Food.Core.csproj", "{C8F5D3BA-1EF3-446B-9AA3-0278F9DFA0B5}"
EndProject
Project("{FAE04EC0-301F-11D3-BF4B-00C04F79EFBC}") = "Wasted_Food.Infrastructure", "Wasted_Food.Infrastructure\Wasted_Food.Infrastructure.csproj", "{970468B4-43FA-41E1-80F3-2C7C79F73291}"
EndProject
Project("{FAE04EC0-301F-11D3-BF4B-00C04F79EFBC}") = "Wasted_Food.Service", "Wasted_Food.Service\Wasted_Food.Service.csproj", "{D751F4C7-3D66-4BB6-A322-0DBBC20B7A4C}"
EndProject
Global
	GlobalSection(SolutionConfigurationPlatforms) = preSolution
		Debug|Any CPU = Debug|Any CPU
		Release|Any CPU = Release|Any CPU
	EndGlobalSection
	GlobalSection(ProjectConfigurationPlatforms) = postSolution
		{5CB92F7D-9E72-4963-A773-B62672A678B6}.Debug|Any CPU.ActiveCfg = Debug|Any CPU
		{5CB92F7D-9E72-4963-A773-B62672A678B6}.Debug|Any CPU.Build.0 = Debug|Any CPU
		{5CB92F7D-9E72-4963-A773-B62672A678B6}.Release|Any CPU.ActiveCfg = Release|Any CPU
		{5CB92F7D-9E72-4963-A773-B62672A678B6}.Release|Any CPU.Build.0 = Release|Any CPU
		{BBAC5D4E-6F3A-4582-82BA-C92201E81E30}.Debug|Any CPU.ActiveCfg = Debug|Any CPU
		{BBAC5D4E-6F3A-4582-82BA-C92201E81E30}.Debug|Any CPU.Build.0 = Debug|Any CPU
		{BBAC5D4E-6F3A-4582-82BA-C92201E81E30}.Release|Any CPU.ActiveCfg = Release|Any CPU
		{BBAC5D4E-6F3A-4582-82BA-C92201E81E30}.Release|Any CPU.Build.0 = Release|Any CPU
		{C8F5D3BA-1EF3-446B-9AA3-0278F9DFA0B5}.Debug|Any CPU.ActiveCfg = Debug|Any CPU
		{C8F5D3BA-1EF3-446B-9AA3-0278F9DFA0B5}.Debug|Any CPU.Build.0 = Debug|Any CPU
		{C8F5D3BA-1EF3-446B-9AA3-0278F9DFA0B5}.Release|Any CPU.ActiveCfg = Release|Any CPU
		{C8F5D3BA-1EF3-446B-9AA3-0278F9DFA0B5}.Release|Any CPU.Build.0 = Release|Any CPU
		{970468B4-43FA-41E1-80F3-2C7C79F73291}.Debug|Any CPU.ActiveCfg = Debug|Any CPU
		{970468B4-43FA-41E1-80F3-2C7C79F73291}.Debug|Any CPU.Build.0 = Debug|Any CPU
		{970468B4-43FA-41E1-80F3-2C7C79F73291}.Release|Any CPU.ActiveCfg = Release|Any CPU
		{970468B4-43FA-41E1-80F3-2C7C79F73291}.Release|Any CPU.Build.0 = Release|Any CPU
		{D751F4C7-3D66-4BB6-A322-0DBBC20B7A4C}.Debug|Any CPU.ActiveCfg = Debug|Any CPU
		{D751F4C7-3D66-4BB6-A322-0DBBC20B7A4C}.Debug|Any CPU.Build.0 = Debug|Any CPU
		{D751F4C7-3D66-4BB6-A322-0DBBC20B7A4C}.Release|Any CPU.ActiveCfg = Release|Any CPU
		{D751F4C7-3D66-4BB6-A322-0DBBC20B7A4C}.Release|Any CPU.Build.0 = Release|Any CPU
	EndGlobalSection
	GlobalSection(SolutionProperties) = preSolution
		HideSolutionNode = FALSE
	EndGlobalSection
EndGlobal
